
Microsoft Visual Studio Solution File, Format Version 10.00
# Visual Studio 2008
Project("{8BC9CEB8-8B4A-11D0-8D11-00A0C91BC942}") = "houses", "houses.vcproj", "{5841F175-9C22-4815-8701-E6BFBB440D1D}"
EndProject
Global
	GlobalSection(SolutionConfigurationPlatforms) = preSolution
		Debug|Win32 = Debug|Win32
		Release|Win32 = Release|Win32
	EndGlobalSection
	GlobalSection(ProjectConfigurationPlatforms) = postSolution
		{5841F175-9C22-4815-8701-E6BFBB440D1D}.Debug|Win32.ActiveCfg = Debug|Win32
		{5841F175-9C22-4815-8701-E6BFBB440D1D}.Debug|Win32.Build.0 = Debug|Win32
		{5841F175-9C22-4815-8701-E6BFBB440D1D}.Release|Win32.ActiveCfg = Release|Win32
		{5841F175-9C22-4815-8701-E6BFBB440D1D}.Release|Win32.Build.0 = Release|Win32
	EndGlobalSection
	GlobalSection(SolutionProperties) = preSolution
		HideSolutionNode = FALSE
	EndGlobalSection
EndGlobal
