
Microsoft Visual Studio Solution File, Format Version 10.00
# Visual Studio 2008
Project("{8BC9CEB8-8B4A-11D0-8D11-00A0C91BC942}") = "Math", "Math\Math.vcproj", "{BB91C689-A229-4E5B-B852-77156CB8E68C}"
EndProject
Project("{8BC9CEB8-8B4A-11D0-8D11-00A0C91BC942}") = "EngineFounation", "EngineFounation\EngineFounation.vcproj", "{0F4FDF75-92CE-47F5-BEFE-1BB5545EB29B}"
EndProject
Project("{8BC9CEB8-8B4A-11D0-8D11-00A0C91BC942}") = "MemoryManager", "MemoryManager\MemoryManager.vcproj", "{F9E41200-F998-4112-8736-82311C624C24}"
EndProject
Global
	GlobalSection(SolutionConfigurationPlatforms) = preSolution
		Debug|Win32 = Debug|Win32
		Release|Win32 = Release|Win32
	EndGlobalSection
	GlobalSection(ProjectConfigurationPlatforms) = postSolution
		{BB91C689-A229-4E5B-B852-77156CB8E68C}.Debug|Win32.ActiveCfg = Debug|Win32
		{BB91C689-A229-4E5B-B852-77156CB8E68C}.Debug|Win32.Build.0 = Debug|Win32
		{BB91C689-A229-4E5B-B852-77156CB8E68C}.Release|Win32.ActiveCfg = Release|Win32
		{BB91C689-A229-4E5B-B852-77156CB8E68C}.Release|Win32.Build.0 = Release|Win32
		{0F4FDF75-92CE-47F5-BEFE-1BB5545EB29B}.Debug|Win32.ActiveCfg = Debug|Win32
		{0F4FDF75-92CE-47F5-BEFE-1BB5545EB29B}.Debug|Win32.Build.0 = Debug|Win32
		{0F4FDF75-92CE-47F5-BEFE-1BB5545EB29B}.Release|Win32.ActiveCfg = Release|Win32
		{0F4FDF75-92CE-47F5-BEFE-1BB5545EB29B}.Release|Win32.Build.0 = Release|Win32
		{F9E41200-F998-4112-8736-82311C624C24}.Debug|Win32.ActiveCfg = Debug|Win32
		{F9E41200-F998-4112-8736-82311C624C24}.Debug|Win32.Build.0 = Debug|Win32
		{F9E41200-F998-4112-8736-82311C624C24}.Release|Win32.ActiveCfg = Release|Win32
		{F9E41200-F998-4112-8736-82311C624C24}.Release|Win32.Build.0 = Release|Win32
	EndGlobalSection
	GlobalSection(SolutionProperties) = preSolution
		HideSolutionNode = FALSE
	EndGlobalSection
EndGlobal
